
Microsoft Visual Studio Solution File, Format Version 12.00
# Visual Studio Version 17
VisualStudioVersion = 17.13.35931.197 d17.13
MinimumVisualStudioVersion = 10.0.40219.1
Project("{FAE04EC0-301F-11D3-BF4B-00C04F79EFBC}") = "Arrays", "Arrays\Arrays.csproj", "{2A3C0D93-227B-48C4-9753-FBDCF43DB2B0}"
EndProject
Global
	GlobalSection(SolutionConfigurationPlatforms) = preSolution
		Debug|Any CPU = Debug|Any CPU
		Release|Any CPU = Release|Any CPU
	EndGlobalSection
	GlobalSection(ProjectConfigurationPlatforms) = postSolution
		{2A3C0D93-227B-48C4-9753-FBDCF43DB2B0}.Debug|Any CPU.ActiveCfg = Debug|Any CPU
		{2A3C0D93-227B-48C4-9753-FBDCF43DB2B0}.Debug|Any CPU.Build.0 = Debug|Any CPU
		{2A3C0D93-227B-48C4-9753-FBDCF43DB2B0}.Release|Any CPU.ActiveCfg = Release|Any CPU
		{2A3C0D93-227B-48C4-9753-FBDCF43DB2B0}.Release|Any CPU.Build.0 = Release|Any CPU
	EndGlobalSection
	GlobalSection(SolutionProperties) = preSolution
		HideSolutionNode = FALSE
	EndGlobalSection
	GlobalSection(ExtensibilityGlobals) = postSolution
		SolutionGuid = {5429EF5C-E40B-46DB-9801-30C32D02ABD9}
	EndGlobalSection
EndGlobal
